
Microsoft Visual Studio Solution File, Format Version 12.00
# Visual Studio Version 16
VisualStudioVersion = 16.0.28729.10
MinimumVisualStudioVersion = 10.0.40219.1
Project("{D954291E-2A0B-460D-934E-DC6B0785DB48}") = "Shared.SocketMeister", "Shared.SocketMeister\Shared.SocketMeister.shproj", "{7FE383EC-5FD4-4D60-BEEB-149E51549260}"
EndProject
Project("{9A19103F-16F7-4668-BE54-9A1E7A4F7556}") = "SocketMeister (.NET Standard 2.0)", "SocketMeister (.NET Standard 2.0)\SocketMeister (.NET Standard 2.0).csproj", "{37BE6CD5-9876-438A-B946-0AA155B13EF5}"
EndProject
Project("{FAE04EC0-301F-11D3-BF4B-00C04F79EFBC}") = "SocketMeister (.NET 3.5)", "SocketMeister (.NET 3.5)\SocketMeister (.NET 3.5).csproj", "{4DEDD745-2F5A-4B4A-ACFE-A1D8C07110D4}"
EndProject
Project("{FAE04EC0-301F-11D3-BF4B-00C04F79EFBC}") = "SocketMeister (.NET 4.7.2)", "SocketMeister (.NET 4.7.2)\SocketMeister (.NET 4.7.2).csproj", "{719E367C-132F-4C9D-AD8E-DB25F59E707B}"
EndProject
Project("{D954291E-2A0B-460D-934E-DC6B0785DB48}") = "Shared.SocketMeister.Testing", "Shared.SocketMeister.Testing\Shared.SocketMeister.Testing.shproj", "{C1465F45-1A63-427C-8EAB-FF3D7518224A}"
EndProject
Project("{D954291E-2A0B-460D-934E-DC6B0785DB48}") = "Shared.SocketMeister.Testing.Harness", "Shared.SocketMeister.Testing.Harness\Shared.SocketMeister.Testing.Harness.shproj", "{75699AC7-3CE3-4946-AA6A-98A932DAB76E}"
EndProject
Project("{9A19103F-16F7-4668-BE54-9A1E7A4F7556}") = "Test.Server.WinForms", "Test.Server.WinForms\Test.Server.WinForms.csproj", "{FD22ADC4-4ECB-46D4-8379-8158C18DC483}"
EndProject
Project("{9A19103F-16F7-4668-BE54-9A1E7A4F7556}") = "Test.Client.WinForms", "Test.Client.WinForms\Test.Client.WinForms.csproj", "{0F02EB8A-BB7C-446A-A67C-B6EFE186FF19}"
EndProject
Project("{9A19103F-16F7-4668-BE54-9A1E7A4F7556}") = "Test.Harness.WinForms", "Test.Harness.WinForms\Test.Harness.WinForms.csproj", "{9924CB98-FE69-473B-B173-24AC6D0D9F81}"
EndProject
Project("{D954291E-2A0B-460D-934E-DC6B0785DB48}") = "Shared.SocketMeister.Testing.Server", "Shared.SocketMeister.Testing.Server\Shared.SocketMeister.Testing.Server.shproj", "{20D137CD-B17E-42F9-B281-5BD7D6248241}"
EndProject
Project("{D954291E-2A0B-460D-934E-DC6B0785DB48}") = "Shared.SocketMeister.Testing.Client", "Shared.SocketMeister.Testing.Client\Shared.SocketMeister.Testing.Client.shproj", "{F31E9834-6FEA-4178-89BD-F1E3DA8447A0}"
EndProject
Global
	GlobalSection(SharedMSBuildProjectFiles) = preSolution
		Shared.SocketMeister.Testing.Client\Shared.SocketMeister.Testing.Client.projitems*{0f02eb8a-bb7c-446a-a67c-b6efe186ff19}*SharedItemsImports = 5
		Shared.SocketMeister.Testing\Shared.SocketMeister.Testing.projitems*{0f02eb8a-bb7c-446a-a67c-b6efe186ff19}*SharedItemsImports = 5
		Shared.SocketMeister\Shared.SocketMeister.projitems*{0f02eb8a-bb7c-446a-a67c-b6efe186ff19}*SharedItemsImports = 5
		Shared.SocketMeister.Testing.Server\Shared.SocketMeister.Testing.Server.projitems*{20d137cd-b17e-42f9-b281-5bd7d6248241}*SharedItemsImports = 13
		Shared.SocketMeister\Shared.SocketMeister.projitems*{37be6cd5-9876-438a-b946-0aa155b13ef5}*SharedItemsImports = 5
		Shared.SocketMeister\Shared.SocketMeister.projitems*{4dedd745-2f5a-4b4a-acfe-a1d8c07110d4}*SharedItemsImports = 4
		Shared.SocketMeister\Shared.SocketMeister.projitems*{719e367c-132f-4c9d-ad8e-db25f59e707b}*SharedItemsImports = 4
		Shared.SocketMeister.Testing.Harness\Shared.SocketMeister.Testing.Harness.projitems*{75699ac7-3ce3-4946-aa6a-98a932dab76e}*SharedItemsImports = 13
		Shared.SocketMeister\Shared.SocketMeister.projitems*{7fe383ec-5fd4-4d60-beeb-149e51549260}*SharedItemsImports = 13
		Shared.SocketMeister.Testing.Client\Shared.SocketMeister.Testing.Client.projitems*{9924cb98-fe69-473b-b173-24ac6d0d9f81}*SharedItemsImports = 5
		Shared.SocketMeister.Testing.Harness\Shared.SocketMeister.Testing.Harness.projitems*{9924cb98-fe69-473b-b173-24ac6d0d9f81}*SharedItemsImports = 5
		Shared.SocketMeister.Testing.Server\Shared.SocketMeister.Testing.Server.projitems*{9924cb98-fe69-473b-b173-24ac6d0d9f81}*SharedItemsImports = 5
		Shared.SocketMeister.Testing\Shared.SocketMeister.Testing.projitems*{9924cb98-fe69-473b-b173-24ac6d0d9f81}*SharedItemsImports = 5
		Shared.SocketMeister\Shared.SocketMeister.projitems*{9924cb98-fe69-473b-b173-24ac6d0d9f81}*SharedItemsImports = 5
		Shared.SocketMeister.Testing\Shared.SocketMeister.Testing.projitems*{c1465f45-1a63-427c-8eab-ff3d7518224a}*SharedItemsImports = 13
		Shared.SocketMeister.Testing.Client\Shared.SocketMeister.Testing.Client.projitems*{f31e9834-6fea-4178-89bd-f1e3da8447a0}*SharedItemsImports = 13
		Shared.SocketMeister\Shared.SocketMeister.projitems*{fd22adc4-4ecb-46d4-8379-8158c18dc483}*SharedItemsImports = 5
	EndGlobalSection
	GlobalSection(SolutionConfigurationPlatforms) = preSolution
		Debug|Any CPU = Debug|Any CPU
		Debug|ARM = Debug|ARM
		Debug|ARM64 = Debug|ARM64
		Debug|x64 = Debug|x64
		Debug|x86 = Debug|x86
		Release|Any CPU = Release|Any CPU
		Release|ARM = Release|ARM
		Release|ARM64 = Release|ARM64
		Release|x64 = Release|x64
		Release|x86 = Release|x86
	EndGlobalSection
	GlobalSection(ProjectConfigurationPlatforms) = postSolution
		{37BE6CD5-9876-438A-B946-0AA155B13EF5}.Debug|Any CPU.ActiveCfg = Debug|Any CPU
		{37BE6CD5-9876-438A-B946-0AA155B13EF5}.Debug|Any CPU.Build.0 = Debug|Any CPU
		{37BE6CD5-9876-438A-B946-0AA155B13EF5}.Debug|ARM.ActiveCfg = Debug|Any CPU
		{37BE6CD5-9876-438A-B946-0AA155B13EF5}.Debug|ARM.Build.0 = Debug|Any CPU
		{37BE6CD5-9876-438A-B946-0AA155B13EF5}.Debug|ARM64.ActiveCfg = Debug|Any CPU
		{37BE6CD5-9876-438A-B946-0AA155B13EF5}.Debug|ARM64.Build.0 = Debug|Any CPU
		{37BE6CD5-9876-438A-B946-0AA155B13EF5}.Debug|x64.ActiveCfg = Debug|Any CPU
		{37BE6CD5-9876-438A-B946-0AA155B13EF5}.Debug|x64.Build.0 = Debug|Any CPU
		{37BE6CD5-9876-438A-B946-0AA155B13EF5}.Debug|x86.ActiveCfg = Debug|Any CPU
		{37BE6CD5-9876-438A-B946-0AA155B13EF5}.Debug|x86.Build.0 = Debug|Any CPU
		{37BE6CD5-9876-438A-B946-0AA155B13EF5}.Release|Any CPU.ActiveCfg = Release|Any CPU
		{37BE6CD5-9876-438A-B946-0AA155B13EF5}.Release|Any CPU.Build.0 = Release|Any CPU
		{37BE6CD5-9876-438A-B946-0AA155B13EF5}.Release|ARM.ActiveCfg = Release|Any CPU
		{37BE6CD5-9876-438A-B946-0AA155B13EF5}.Release|ARM.Build.0 = Release|Any CPU
		{37BE6CD5-9876-438A-B946-0AA155B13EF5}.Release|ARM64.ActiveCfg = Release|Any CPU
		{37BE6CD5-9876-438A-B946-0AA155B13EF5}.Release|ARM64.Build.0 = Release|Any CPU
		{37BE6CD5-9876-438A-B946-0AA155B13EF5}.Release|x64.ActiveCfg = Release|Any CPU
		{37BE6CD5-9876-438A-B946-0AA155B13EF5}.Release|x64.Build.0 = Release|Any CPU
		{37BE6CD5-9876-438A-B946-0AA155B13EF5}.Release|x86.ActiveCfg = Release|Any CPU
		{37BE6CD5-9876-438A-B946-0AA155B13EF5}.Release|x86.Build.0 = Release|Any CPU
		{4DEDD745-2F5A-4B4A-ACFE-A1D8C07110D4}.Debug|Any CPU.ActiveCfg = Debug|Any CPU
		{4DEDD745-2F5A-4B4A-ACFE-A1D8C07110D4}.Debug|Any CPU.Build.0 = Debug|Any CPU
		{4DEDD745-2F5A-4B4A-ACFE-A1D8C07110D4}.Debug|ARM.ActiveCfg = Debug|Any CPU
		{4DEDD745-2F5A-4B4A-ACFE-A1D8C07110D4}.Debug|ARM.Build.0 = Debug|Any CPU
		{4DEDD745-2F5A-4B4A-ACFE-A1D8C07110D4}.Debug|ARM64.ActiveCfg = Debug|Any CPU
		{4DEDD745-2F5A-4B4A-ACFE-A1D8C07110D4}.Debug|ARM64.Build.0 = Debug|Any CPU
		{4DEDD745-2F5A-4B4A-ACFE-A1D8C07110D4}.Debug|x64.ActiveCfg = Debug|Any CPU
		{4DEDD745-2F5A-4B4A-ACFE-A1D8C07110D4}.Debug|x64.Build.0 = Debug|Any CPU
		{4DEDD745-2F5A-4B4A-ACFE-A1D8C07110D4}.Debug|x86.ActiveCfg = Debug|Any CPU
		{4DEDD745-2F5A-4B4A-ACFE-A1D8C07110D4}.Debug|x86.Build.0 = Debug|Any CPU
		{4DEDD745-2F5A-4B4A-ACFE-A1D8C07110D4}.Release|Any CPU.ActiveCfg = Release|Any CPU
		{4DEDD745-2F5A-4B4A-ACFE-A1D8C07110D4}.Release|Any CPU.Build.0 = Release|Any CPU
		{4DEDD745-2F5A-4B4A-ACFE-A1D8C07110D4}.Release|ARM.ActiveCfg = Release|Any CPU
		{4DEDD745-2F5A-4B4A-ACFE-A1D8C07110D4}.Release|ARM.Build.0 = Release|Any CPU
		{4DEDD745-2F5A-4B4A-ACFE-A1D8C07110D4}.Release|ARM64.ActiveCfg = Release|Any CPU
		{4DEDD745-2F5A-4B4A-ACFE-A1D8C07110D4}.Release|ARM64.Build.0 = Release|Any CPU
		{4DEDD745-2F5A-4B4A-ACFE-A1D8C07110D4}.Release|x64.ActiveCfg = Release|Any CPU
		{4DEDD745-2F5A-4B4A-ACFE-A1D8C07110D4}.Release|x64.Build.0 = Release|Any CPU
		{4DEDD745-2F5A-4B4A-ACFE-A1D8C07110D4}.Release|x86.ActiveCfg = Release|Any CPU
		{4DEDD745-2F5A-4B4A-ACFE-A1D8C07110D4}.Release|x86.Build.0 = Release|Any CPU
		{719E367C-132F-4C9D-AD8E-DB25F59E707B}.Debug|Any CPU.ActiveCfg = Debug|Any CPU
		{719E367C-132F-4C9D-AD8E-DB25F59E707B}.Debug|Any CPU.Build.0 = Debug|Any CPU
		{719E367C-132F-4C9D-AD8E-DB25F59E707B}.Debug|ARM.ActiveCfg = Debug|Any CPU
		{719E367C-132F-4C9D-AD8E-DB25F59E707B}.Debug|ARM.Build.0 = Debug|Any CPU
		{719E367C-132F-4C9D-AD8E-DB25F59E707B}.Debug|ARM64.ActiveCfg = Debug|Any CPU
		{719E367C-132F-4C9D-AD8E-DB25F59E707B}.Debug|ARM64.Build.0 = Debug|Any CPU
		{719E367C-132F-4C9D-AD8E-DB25F59E707B}.Debug|x64.ActiveCfg = Debug|Any CPU
		{719E367C-132F-4C9D-AD8E-DB25F59E707B}.Debug|x64.Build.0 = Debug|Any CPU
		{719E367C-132F-4C9D-AD8E-DB25F59E707B}.Debug|x86.ActiveCfg = Debug|Any CPU
		{719E367C-132F-4C9D-AD8E-DB25F59E707B}.Debug|x86.Build.0 = Debug|Any CPU
		{719E367C-132F-4C9D-AD8E-DB25F59E707B}.Release|Any CPU.ActiveCfg = Release|Any CPU
		{719E367C-132F-4C9D-AD8E-DB25F59E707B}.Release|Any CPU.Build.0 = Release|Any CPU
		{719E367C-132F-4C9D-AD8E-DB25F59E707B}.Release|ARM.ActiveCfg = Release|Any CPU
		{719E367C-132F-4C9D-AD8E-DB25F59E707B}.Release|ARM.Build.0 = Release|Any CPU
		{719E367C-132F-4C9D-AD8E-DB25F59E707B}.Release|ARM64.ActiveCfg = Release|Any CPU
		{719E367C-132F-4C9D-AD8E-DB25F59E707B}.Release|ARM64.Build.0 = Release|Any CPU
		{719E367C-132F-4C9D-AD8E-DB25F59E707B}.Release|x64.ActiveCfg = Release|Any CPU
		{719E367C-132F-4C9D-AD8E-DB25F59E707B}.Release|x64.Build.0 = Release|Any CPU
		{719E367C-132F-4C9D-AD8E-DB25F59E707B}.Release|x86.ActiveCfg = Release|Any CPU
		{719E367C-132F-4C9D-AD8E-DB25F59E707B}.Release|x86.Build.0 = Release|Any CPU
		{FD22ADC4-4ECB-46D4-8379-8158C18DC483}.Debug|Any CPU.ActiveCfg = Debug|Any CPU
		{FD22ADC4-4ECB-46D4-8379-8158C18DC483}.Debug|Any CPU.Build.0 = Debug|Any CPU
		{FD22ADC4-4ECB-46D4-8379-8158C18DC483}.Debug|ARM.ActiveCfg = Debug|Any CPU
		{FD22ADC4-4ECB-46D4-8379-8158C18DC483}.Debug|ARM.Build.0 = Debug|Any CPU
		{FD22ADC4-4ECB-46D4-8379-8158C18DC483}.Debug|ARM64.ActiveCfg = Debug|Any CPU
		{FD22ADC4-4ECB-46D4-8379-8158C18DC483}.Debug|ARM64.Build.0 = Debug|Any CPU
		{FD22ADC4-4ECB-46D4-8379-8158C18DC483}.Debug|x64.ActiveCfg = Debug|Any CPU
		{FD22ADC4-4ECB-46D4-8379-8158C18DC483}.Debug|x64.Build.0 = Debug|Any CPU
		{FD22ADC4-4ECB-46D4-8379-8158C18DC483}.Debug|x86.ActiveCfg = Debug|Any CPU
		{FD22ADC4-4ECB-46D4-8379-8158C18DC483}.Debug|x86.Build.0 = Debug|Any CPU
		{FD22ADC4-4ECB-46D4-8379-8158C18DC483}.Release|Any CPU.ActiveCfg = Release|Any CPU
		{FD22ADC4-4ECB-46D4-8379-8158C18DC483}.Release|Any CPU.Build.0 = Release|Any CPU
		{FD22ADC4-4ECB-46D4-8379-8158C18DC483}.Release|ARM.ActiveCfg = Release|Any CPU
		{FD22ADC4-4ECB-46D4-8379-8158C18DC483}.Release|ARM.Build.0 = Release|Any CPU
		{FD22ADC4-4ECB-46D4-8379-8158C18DC483}.Release|ARM64.ActiveCfg = Release|Any CPU
		{FD22ADC4-4ECB-46D4-8379-8158C18DC483}.Release|ARM64.Build.0 = Release|Any CPU
		{FD22ADC4-4ECB-46D4-8379-8158C18DC483}.Release|x64.ActiveCfg = Release|Any CPU
		{FD22ADC4-4ECB-46D4-8379-8158C18DC483}.Release|x64.Build.0 = Release|Any CPU
		{FD22ADC4-4ECB-46D4-8379-8158C18DC483}.Release|x86.ActiveCfg = Release|Any CPU
		{FD22ADC4-4ECB-46D4-8379-8158C18DC483}.Release|x86.Build.0 = Release|Any CPU
		{0F02EB8A-BB7C-446A-A67C-B6EFE186FF19}.Debug|Any CPU.ActiveCfg = Debug|Any CPU
		{0F02EB8A-BB7C-446A-A67C-B6EFE186FF19}.Debug|Any CPU.Build.0 = Debug|Any CPU
		{0F02EB8A-BB7C-446A-A67C-B6EFE186FF19}.Debug|ARM.ActiveCfg = Debug|Any CPU
		{0F02EB8A-BB7C-446A-A67C-B6EFE186FF19}.Debug|ARM.Build.0 = Debug|Any CPU
		{0F02EB8A-BB7C-446A-A67C-B6EFE186FF19}.Debug|ARM64.ActiveCfg = Debug|Any CPU
		{0F02EB8A-BB7C-446A-A67C-B6EFE186FF19}.Debug|ARM64.Build.0 = Debug|Any CPU
		{0F02EB8A-BB7C-446A-A67C-B6EFE186FF19}.Debug|x64.ActiveCfg = Debug|Any CPU
		{0F02EB8A-BB7C-446A-A67C-B6EFE186FF19}.Debug|x64.Build.0 = Debug|Any CPU
		{0F02EB8A-BB7C-446A-A67C-B6EFE186FF19}.Debug|x86.ActiveCfg = Debug|Any CPU
		{0F02EB8A-BB7C-446A-A67C-B6EFE186FF19}.Debug|x86.Build.0 = Debug|Any CPU
		{0F02EB8A-BB7C-446A-A67C-B6EFE186FF19}.Release|Any CPU.ActiveCfg = Release|Any CPU
		{0F02EB8A-BB7C-446A-A67C-B6EFE186FF19}.Release|Any CPU.Build.0 = Release|Any CPU
		{0F02EB8A-BB7C-446A-A67C-B6EFE186FF19}.Release|ARM.ActiveCfg = Release|Any CPU
		{0F02EB8A-BB7C-446A-A67C-B6EFE186FF19}.Release|ARM.Build.0 = Release|Any CPU
		{0F02EB8A-BB7C-446A-A67C-B6EFE186FF19}.Release|ARM64.ActiveCfg = Release|Any CPU
		{0F02EB8A-BB7C-446A-A67C-B6EFE186FF19}.Release|ARM64.Build.0 = Release|Any CPU
		{0F02EB8A-BB7C-446A-A67C-B6EFE186FF19}.Release|x64.ActiveCfg = Release|Any CPU
		{0F02EB8A-BB7C-446A-A67C-B6EFE186FF19}.Release|x64.Build.0 = Release|Any CPU
		{0F02EB8A-BB7C-446A-A67C-B6EFE186FF19}.Release|x86.ActiveCfg = Release|Any CPU
		{0F02EB8A-BB7C-446A-A67C-B6EFE186FF19}.Release|x86.Build.0 = Release|Any CPU
		{9924CB98-FE69-473B-B173-24AC6D0D9F81}.Debug|Any CPU.ActiveCfg = Debug|Any CPU
		{9924CB98-FE69-473B-B173-24AC6D0D9F81}.Debug|Any CPU.Build.0 = Debug|Any CPU
		{9924CB98-FE69-473B-B173-24AC6D0D9F81}.Debug|ARM.ActiveCfg = Debug|Any CPU
		{9924CB98-FE69-473B-B173-24AC6D0D9F81}.Debug|ARM.Build.0 = Debug|Any CPU
		{9924CB98-FE69-473B-B173-24AC6D0D9F81}.Debug|ARM64.ActiveCfg = Debug|Any CPU
		{9924CB98-FE69-473B-B173-24AC6D0D9F81}.Debug|ARM64.Build.0 = Debug|Any CPU
		{9924CB98-FE69-473B-B173-24AC6D0D9F81}.Debug|x64.ActiveCfg = Debug|Any CPU
		{9924CB98-FE69-473B-B173-24AC6D0D9F81}.Debug|x64.Build.0 = Debug|Any CPU
		{9924CB98-FE69-473B-B173-24AC6D0D9F81}.Debug|x86.ActiveCfg = Debug|Any CPU
		{9924CB98-FE69-473B-B173-24AC6D0D9F81}.Debug|x86.Build.0 = Debug|Any CPU
		{9924CB98-FE69-473B-B173-24AC6D0D9F81}.Release|Any CPU.ActiveCfg = Release|Any CPU
		{9924CB98-FE69-473B-B173-24AC6D0D9F81}.Release|Any CPU.Build.0 = Release|Any CPU
		{9924CB98-FE69-473B-B173-24AC6D0D9F81}.Release|ARM.ActiveCfg = Release|Any CPU
		{9924CB98-FE69-473B-B173-24AC6D0D9F81}.Release|ARM.Build.0 = Release|Any CPU
		{9924CB98-FE69-473B-B173-24AC6D0D9F81}.Release|ARM64.ActiveCfg = Release|Any CPU
		{9924CB98-FE69-473B-B173-24AC6D0D9F81}.Release|ARM64.Build.0 = Release|Any CPU
		{9924CB98-FE69-473B-B173-24AC6D0D9F81}.Release|x64.ActiveCfg = Release|Any CPU
		{9924CB98-FE69-473B-B173-24AC6D0D9F81}.Release|x64.Build.0 = Release|Any CPU
		{9924CB98-FE69-473B-B173-24AC6D0D9F81}.Release|x86.ActiveCfg = Release|Any CPU
		{9924CB98-FE69-473B-B173-24AC6D0D9F81}.Release|x86.Build.0 = Release|Any CPU
	EndGlobalSection
	GlobalSection(SolutionProperties) = preSolution
		HideSolutionNode = FALSE
	EndGlobalSection
	GlobalSection(ExtensibilityGlobals) = postSolution
		SolutionGuid = {C4E7889F-22D0-451C-AE7D-287E06E0DDED}
	EndGlobalSection
EndGlobal
